
Microsoft Visual Studio Solution File, Format Version 12.00
# Visual Studio 15
VisualStudioVersion = 15.0.28307.1169
MinimumVisualStudioVersion = 10.0.40219.1
Project("{FAE04EC0-301F-11D3-BF4B-00C04F79EFBC}") = "GUI", "GUI\GUI.csproj", "{AA47C49E-3765-4406-8143-A28630FA23BD}"
EndProject
Project("{FAE04EC0-301F-11D3-BF4B-00C04F79EFBC}") = "DTO", "DTO\DTO.csproj", "{8CA90700-C07B-43F2-BB88-949766C450F6}"
EndProject
Project("{FAE04EC0-301F-11D3-BF4B-00C04F79EFBC}") = "DAL", "DAL\DAL.csproj", "{9FB89AA1-354F-426E-9EBE-B8737FCEB3B7}"
EndProject
Project("{FAE04EC0-301F-11D3-BF4B-00C04F79EFBC}") = "BUS", "BUS\BUS.csproj", "{D58CED48-6A5A-4EE8-AA4A-C331EBFC7677}"
EndProject
Global
	GlobalSection(SolutionConfigurationPlatforms) = preSolution
		Debug|Any CPU = Debug|Any CPU
		Release|Any CPU = Release|Any CPU
	EndGlobalSection
	GlobalSection(ProjectConfigurationPlatforms) = postSolution
		{AA47C49E-3765-4406-8143-A28630FA23BD}.Debug|Any CPU.ActiveCfg = Debug|Any CPU
		{AA47C49E-3765-4406-8143-A28630FA23BD}.Debug|Any CPU.Build.0 = Debug|Any CPU
		{AA47C49E-3765-4406-8143-A28630FA23BD}.Release|Any CPU.ActiveCfg = Release|Any CPU
		{AA47C49E-3765-4406-8143-A28630FA23BD}.Release|Any CPU.Build.0 = Release|Any CPU
		{8CA90700-C07B-43F2-BB88-949766C450F6}.Debug|Any CPU.ActiveCfg = Debug|Any CPU
		{8CA90700-C07B-43F2-BB88-949766C450F6}.Debug|Any CPU.Build.0 = Debug|Any CPU
		{8CA90700-C07B-43F2-BB88-949766C450F6}.Release|Any CPU.ActiveCfg = Release|Any CPU
		{8CA90700-C07B-43F2-BB88-949766C450F6}.Release|Any CPU.Build.0 = Release|Any CPU
		{9FB89AA1-354F-426E-9EBE-B8737FCEB3B7}.Debug|Any CPU.ActiveCfg = Debug|Any CPU
		{9FB89AA1-354F-426E-9EBE-B8737FCEB3B7}.Debug|Any CPU.Build.0 = Debug|Any CPU
		{9FB89AA1-354F-426E-9EBE-B8737FCEB3B7}.Release|Any CPU.ActiveCfg = Release|Any CPU
		{9FB89AA1-354F-426E-9EBE-B8737FCEB3B7}.Release|Any CPU.Build.0 = Release|Any CPU
		{D58CED48-6A5A-4EE8-AA4A-C331EBFC7677}.Debug|Any CPU.ActiveCfg = Debug|Any CPU
		{D58CED48-6A5A-4EE8-AA4A-C331EBFC7677}.Debug|Any CPU.Build.0 = Debug|Any CPU
		{D58CED48-6A5A-4EE8-AA4A-C331EBFC7677}.Release|Any CPU.ActiveCfg = Release|Any CPU
		{D58CED48-6A5A-4EE8-AA4A-C331EBFC7677}.Release|Any CPU.Build.0 = Release|Any CPU
	EndGlobalSection
	GlobalSection(SolutionProperties) = preSolution
		HideSolutionNode = FALSE
	EndGlobalSection
	GlobalSection(ExtensibilityGlobals) = postSolution
		SolutionGuid = {B190A46C-839D-4085-B70B-76FFBC9BA1FA}
	EndGlobalSection
EndGlobal
